// !$*UTF8*$!
{
	archiveVersion = 1;
	classes = {
	};
	objectVersion = 50;
	objects = {

/* Begin PBXBuildFile section */
		7B25990C26667B2A008ED260 /* AppDelegate.swift in Sources */ = {isa = PBXBuildFile; fileRef = 7B25990B26667B2A008ED260 /* AppDelegate.swift */; };
		7B25990E26667B2A008ED260 /* SceneDelegate.swift in Sources */ = {isa = PBXBuildFile; fileRef = 7B25990D26667B2A008ED260 /* SceneDelegate.swift */; };
		7B25991026667B2A008ED260 /* ContentView.swift in Sources */ = {isa = PBXBuildFile; fileRef = 7B25990F26667B2A008ED260 /* ContentView.swift */; };
		7B25991226667B2D008ED260 /* Assets.xcassets in Resources */ = {isa = PBXBuildFile; fileRef = 7B25991126667B2D008ED260 /* Assets.xcassets */; };
		7B25991526667B2D008ED260 /* Preview Assets.xcassets in Resources */ = {isa = PBXBuildFile; fileRef = 7B25991426667B2D008ED260 /* Preview Assets.xcassets */; };
		7B25991826667B2D008ED260 /* LaunchScreen.storyboard in Resources */ = {isa = PBXBuildFile; fileRef = 7B25991626667B2D008ED260 /* LaunchScreen.storyboard */; };
		7B25992026671DD6008ED260 /* volumeView.swift in Sources */ = {isa = PBXBuildFile; fileRef = 7B25991F26671DD6008ED260 /* volumeView.swift */; };
		7B25992226672105008ED260 /* temperatureView.swift in Sources */ = {isa = PBXBuildFile; fileRef = 7B25992126672105008ED260 /* temperatureView.swift */; };
		7B25992426672158008ED260 /* lengthView.swift in Sources */ = {isa = PBXBuildFile; fileRef = 7B25992326672158008ED260 /* lengthView.swift */; };
		7B25992626672187008ED260 /* timeView.swift in Sources */ = {isa = PBXBuildFile; fileRef = 7B25992526672187008ED260 /* timeView.swift */; };
/* End PBXBuildFile section */

/* Begin PBXFileReference section */
		7B25990826667B2A008ED260 /* UnitMeasurement.app */ = {isa = PBXFileReference; explicitFileType = wrapper.application; includeInIndex = 0; path = UnitMeasurement.app; sourceTree = BUILT_PRODUCTS_DIR; };
		7B25990B26667B2A008ED260 /* AppDelegate.swift */ = {isa = PBXFileReference; lastKnownFileType = sourcecode.swift; path = AppDelegate.swift; sourceTree = "<group>"; };
		7B25990D26667B2A008ED260 /* SceneDelegate.swift */ = {isa = PBXFileReference; lastKnownFileType = sourcecode.swift; path = SceneDelegate.swift; sourceTree = "<group>"; };
		7B25990F26667B2A008ED260 /* ContentView.swift */ = {isa = PBXFileReference; lastKnownFileType = sourcecode.swift; path = ContentView.swift; sourceTree = "<group>"; };
		7B25991126667B2D008ED260 /* Assets.xcassets */ = {isa = PBXFileReference; lastKnownFileType = folder.assetcatalog; path = Assets.xcassets; sourceTree = "<group>"; };
		7B25991426667B2D008ED260 /* Preview Assets.xcassets */ = {isa = PBXFileReference; lastKnownFileType = folder.assetcatalog; path = "Preview Assets.xcassets"; sourceTree = "<group>"; };
		7B25991726667B2D008ED260 /* Base */ = {isa = PBXFileReference; lastKnownFileType = file.storyboard; name = Base; path = Base.lproj/LaunchScreen.storyboard; sourceTree = "<group>"; };
		7B25991926667B2D008ED260 /* Info.plist */ = {isa = PBXFileReference; lastKnownFileType = text.plist.xml; path = Info.plist; sourceTree = "<group>"; };
		7B25991F26671DD6008ED260 /* volumeView.swift */ = {isa = PBXFileReference; lastKnownFileType = sourcecode.swift; path = volumeView.swift; sourceTree = "<group>"; };
		7B25992126672105008ED260 /* temperatureView.swift */ = {isa = PBXFileReference; lastKnownFileType = sourcecode.swift; path = temperatureView.swift; sourceTree = "<group>"; };
		7B25992326672158008ED260 /* lengthView.swift */ = {isa = PBXFileReference; lastKnownFileType = sourcecode.swift; path = lengthView.swift; sourceTree = "<group>"; };
		7B25992526672187008ED260 /* timeView.swift */ = {isa = PBXFileReference; lastKnownFileType = sourcecode.swift; path = timeView.swift; sourceTree = "<group>"; };
/* End PBXFileReference section */

/* Begin PBXFrameworksBuildPhase section */
		7B25990526667B2A008ED260 /* Frameworks */ = {
			isa = PBXFrameworksBuildPhase;
			buildActionMask = 2147483647;
			files = (
			);
			runOnlyForDeploymentPostprocessing = 0;
		};
/* End PBXFrameworksBuildPhase section */

/* Begin PBXGroup section */
		7B2598FF26667B2A008ED260 = {
			isa = PBXGroup;
			children = (
				7B25990A26667B2A008ED260 /* UnitMeasurement */,
				7B25990926667B2A008ED260 /* Products */,
			);
			sourceTree = "<group>";
		};
		7B25990926667B2A008ED260 /* Products */ = {
			isa = PBXGroup;
			children = (
				7B25990826667B2A008ED260 /* UnitMeasurement.app */,
			);
			name = Products;
			sourceTree = "<group>";
		};
		7B25990A26667B2A008ED260 /* UnitMeasurement */ = {
			isa = PBXGroup;
			children = (
				7B25990B26667B2A008ED260 /* AppDelegate.swift */,
				7B25990D26667B2A008ED260 /* SceneDelegate.swift */,
				7B25990F26667B2A008ED260 /* ContentView.swift */,
				7B25992526672187008ED260 /* timeView.swift */,
				7B25992326672158008ED260 /* lengthView.swift */,
				7B25992126672105008ED260 /* temperatureView.swift */,
				7B25991F26671DD6008ED260 /* volumeView.swift */,
				7B25991126667B2D008ED260 /* Assets.xcassets */,
				7B25991626667B2D008ED260 /* LaunchScreen.storyboard */,
				7B25991926667B2D008ED260 /* Info.plist */,
				7B25991326667B2D008ED260 /* Preview Content */,
			);
			path = UnitMeasurement;
			sourceTree = "<group>";
		};
		7B25991326667B2D008ED260 /* Preview Content */ = {
			isa = PBXGroup;
			children = (
				7B25991426667B2D008ED260 /* Preview Assets.xcassets */,
			);
			path = "Preview Content";
			sourceTree = "<group>";
		};
/* End PBXGroup section */

/* Begin PBXNativeTarget section */
		7B25990726667B2A008ED260 /* UnitMeasurement */ = {
			isa = PBXNativeTarget;
			buildConfigurationList = 7B25991C26667B2D008ED260 /* Build configuration list for PBXNativeTarget "UnitMeasurement" */;
			buildPhases = (
				7B25990426667B2A008ED260 /* Sources */,
				7B25990526667B2A008ED260 /* Frameworks */,
				7B25990626667B2A008ED260 /* Resources */,
			);
			buildRules = (
			);
			dependencies = (
			);
			name = UnitMeasurement;
			productName = UnitMeasurement;
			productReference = 7B25990826667B2A008ED260 /* UnitMeasurement.app */;
			productType = "com.apple.product-type.application";
		};
/* End PBXNativeTarget section */

/* Begin PBXProject section */
		7B25990026667B2A008ED260 /* Project object */ = {
			isa = PBXProject;
			attributes = {
				LastSwiftUpdateCheck = 1250;
				LastUpgradeCheck = 1250;
				TargetAttributes = {
					7B25990726667B2A008ED260 = {
						CreatedOnToolsVersion = 12.5;
					};
				};
			};
			buildConfigurationList = 7B25990326667B2A008ED260 /* Build configuration list for PBXProject "UnitMeasurement" */;
			compatibilityVersion = "Xcode 9.3";
			developmentRegion = en;
			hasScannedForEncodings = 0;
			knownRegions = (
				en,
				Base,
			);
			mainGroup = 7B2598FF26667B2A008ED260;
			productRefGroup = 7B25990926667B2A008ED260 /* Products */;
			projectDirPath = "";
			projectRoot = "";
			targets = (
				7B25990726667B2A008ED260 /* UnitMeasurement */,
			);
		};
/* End PBXProject section */

/* Begin PBXResourcesBuildPhase section */
		7B25990626667B2A008ED260 /* Resources */ = {
			isa = PBXResourcesBuildPhase;
			buildActionMask = 2147483647;
			files = (
				7B25991826667B2D008ED260 /* LaunchScreen.storyboard in Resources */,
				7B25991526667B2D008ED260 /* Preview Assets.xcassets in Resources */,
				7B25991226667B2D008ED260 /* Assets.xcassets in Resources */,
			);
			runOnlyForDeploymentPostprocessing = 0;
		};
/* End PBXResourcesBuildPhase section */

/* Begin PBXSourcesBuildPhase section */
		7B25990426667B2A008ED260 /* Sources */ = {
			isa = PBXSourcesBuildPhase;
			buildActionMask = 2147483647;
			files = (
				7B25992426672158008ED260 /* lengthView.swift in Sources */,
				7B25990C26667B2A008ED260 /* AppDelegate.swift in Sources */,
				7B25992626672187008ED260 /* timeView.swift in Sources */,
				7B25990E26667B2A008ED260 /* SceneDelegate.swift in Sources */,
				7B25992226672105008ED260 /* temperatureView.swift in Sources */,
				7B25992026671DD6008ED260 /* volumeView.swift in Sources */,
				7B25991026667B2A008ED260 /* ContentView.swift in Sources */,
			);
			runOnlyForDeploymentPostprocessing = 0;
		};
/* End PBXSourcesBuildPhase section */

/* Begin PBXVariantGroup section */
		7B25991626667B2D008ED260 /* LaunchScreen.storyboard */ = {
			isa = PBXVariantGroup;
			children = (
				7B25991726667B2D008ED260 /* Base */,
			);
			name = LaunchScreen.storyboard;
			sourceTree = "<group>";
		};
/* End PBXVariantGroup section */

/* Begin XCBuildConfiguration section */
		7B25991A26667B2D008ED260 /* Debug */ = {
			isa = XCBuildConfiguration;
			buildSettings = {
				ALWAYS_SEARCH_USER_PATHS = NO;
				CLANG_ANALYZER_NONNULL = YES;
				CLANG_ANALYZER_NUMBER_OBJECT_CONVERSION = YES_AGGRESSIVE;
				CLANG_CXX_LANGUAGE_STANDARD = "gnu++14";
				CLANG_CXX_LIBRARY = "libc++";
				CLANG_ENABLE_MODULES = YES;
				CLANG_ENABLE_OBJC_ARC = YES;
				CLANG_ENABLE_OBJC_WEAK = YES;
				CLANG_WARN_BLOCK_CAPTURE_AUTORELEASING = YES;
				CLANG_WARN_BOOL_CONVERSION = YES;
				CLANG_WARN_COMMA = YES;
				CLANG_WARN_CONSTANT_CONVERSION = YES;
				CLANG_WARN_DEPRECATED_OBJC_IMPLEMENTATIONS = YES;
				CLANG_WARN_DIRECT_OBJC_ISA_USAGE = YES_ERROR;
				CLANG_WARN_DOCUMENTATION_COMMENTS = YES;
				CLANG_WARN_EMPTY_BODY = YES;
				CLANG_WARN_ENUM_CONVERSION = YES;
				CLANG_WARN_INFINITE_RECURSION = YES;
				CLANG_WARN_INT_CONVERSION = YES;
				CLANG_WARN_NON_LITERAL_NULL_CONVERSION = YES;
				CLANG_WARN_OBJC_IMPLICIT_RETAIN_SELF = YES;
				CLANG_WARN_OBJC_LITERAL_CONVERSION = YES;
				CLANG_WARN_OBJC_ROOT_CLASS = YES_ERROR;
				CLANG_WARN_QUOTED_INCLUDE_IN_FRAMEWORK_HEADER = YES;
				CLANG_WARN_RANGE_LOOP_ANALYSIS = YES;
				CLANG_WARN_STRICT_PROTOTYPES = YES;
				CLANG_WARN_SUSPICIOUS_MOVE = YES;
				CLANG_WARN_UNGUARDED_AVAILABILITY = YES_AGGRESSIVE;
				CLANG_WARN_UNREACHABLE_CODE = YES;
				CLANG_WARN__DUPLICATE_METHOD_MATCH = YES;
				COPY_PHASE_STRIP = NO;
				DEBUG_INFORMATION_FORMAT = dwarf;
				ENABLE_STRICT_OBJC_MSGSEND = YES;
				ENABLE_TESTABILITY = YES;
				GCC_C_LANGUAGE_STANDARD = gnu11;
				GCC_DYNAMIC_NO_PIC = NO;
				GCC_NO_COMMON_BLOCKS = YES;
				GCC_OPTIMIZATION_LEVEL = 0;
				GCC_PREPROCESSOR_DEFINITIONS = (
					"DEBUG=1",
					"$(inherited)",
				);
				GCC_WARN_64_TO_32_BIT_CONVERSION = YES;
				GCC_WARN_ABOUT_RETURN_TYPE = YES_ERROR;
				GCC_WARN_UNDECLARED_SELECTOR = YES;
				GCC_WARN_UNINITIALIZED_AUTOS = YES_AGGRESSIVE;
				GCC_WARN_UNUSED_FUNCTION = YES;
				GCC_WARN_UNUSED_VARIABLE = YES;
				IPHONEOS_DEPLOYMENT_TARGET = 14.5;
				MTL_ENABLE_DEBUG_INFO = INCLUDE_SOURCE;
				MTL_FAST_MATH = YES;
				ONLY_ACTIVE_ARCH = YES;
				SDKROOT = iphoneos;
				SWIFT_ACTIVE_COMPILATION_CONDITIONS = DEBUG;
				SWIFT_OPTIMIZATION_LEVEL = "-Onone";
			};
			name = Debug;
		};
		7B25991B26667B2D008ED260 /* Release */ = {
			isa = XCBuildConfiguration;
			buildSettings = {
				ALWAYS_SEARCH_USER_PATHS = NO;
				CLANG_ANALYZER_NONNULL = YES;
				CLANG_ANALYZER_NUMBER_OBJECT_CONVERSION = YES_AGGRESSIVE;
				CLANG_CXX_LANGUAGE_STANDARD = "gnu++14";
				CLANG_CXX_LIBRARY = "libc++";
				CLANG_ENABLE_MODULES = YES;
				CLANG_ENABLE_OBJC_ARC = YES;
				CLANG_ENABLE_OBJC_WEAK = YES;
				CLANG_WARN_BLOCK_CAPTURE_AUTORELEASING = YES;
				CLANG_WARN_BOOL_CONVERSION = YES;
				CLANG_WARN_COMMA = YES;
				CLANG_WARN_CONSTANT_CONVERSION = YES;
				CLANG_WARN_DEPRECATED_OBJC_IMPLEMENTATIONS = YES;
				CLANG_WARN_DIRECT_OBJC_ISA_USAGE = YES_ERROR;
				CLANG_WARN_DOCUMENTATION_COMMENTS = YES;
				CLANG_WARN_EMPTY_BODY = YES;
				CLANG_WARN_ENUM_CONVERSION = YES;
				CLANG_WARN_INFINITE_RECURSION = YES;
				CLANG_WARN_INT_CONVERSION = YES;
				CLANG_WARN_NON_LITERAL_NULL_CONVERSION = YES;
				CLANG_WARN_OBJC_IMPLICIT_RETAIN_SELF = YES;
				CLANG_WARN_OBJC_LITERAL_CONVERSION = YES;
				CLANG_WARN_OBJC_ROOT_CLASS = YES_ERROR;
				CLANG_WARN_QUOTED_INCLUDE_IN_FRAMEWORK_HEADER = YES;
				CLANG_WARN_RANGE_LOOP_ANALYSIS = YES;
				CLANG_WARN_STRICT_PROTOTYPES = YES;
				CLANG_WARN_SUSPICIOUS_MOVE = YES;
				CLANG_WARN_UNGUARDED_AVAILABILITY = YES_AGGRESSIVE;
				CLANG_WARN_UNREACHABLE_CODE = YES;
				CLANG_WARN__DUPLICATE_METHOD_MATCH = YES;
				COPY_PHASE_STRIP = NO;
				DEBUG_INFORMATION_FORMAT = "dwarf-with-dsym";
				ENABLE_NS_ASSERTIONS = NO;
				ENABLE_STRICT_OBJC_MSGSEND = YES;
				GCC_C_LANGUAGE_STANDARD = gnu11;
				GCC_NO_COMMON_BLOCKS = YES;
				GCC_WARN_64_TO_32_BIT_CONVERSION = YES;
				GCC_WARN_ABOUT_RETURN_TYPE = YES_ERROR;
				GCC_WARN_UNDECLARED_SELECTOR = YES;
				GCC_WARN_UNINITIALIZED_AUTOS = YES_AGGRESSIVE;
				GCC_WARN_UNUSED_FUNCTION = YES;
				GCC_WARN_UNUSED_VARIABLE = YES;
				IPHONEOS_DEPLOYMENT_TARGET = 14.5;
				MTL_ENABLE_DEBUG_INFO = NO;
				MTL_FAST_MATH = YES;
				SDKROOT = iphoneos;
				SWIFT_COMPILATION_MODE = wholemodule;
				SWIFT_OPTIMIZATION_LEVEL = "-O";
				VALIDATE_PRODUCT = YES;
			};
			name = Release;
		};
		7B25991D26667B2D008ED260 /* Debug */ = {
			isa = XCBuildConfiguration;
			buildSettings = {
				ASSETCATALOG_COMPILER_APPICON_NAME = AppIcon;
				ASSETCATALOG_COMPILER_GLOBAL_ACCENT_COLOR_NAME = AccentColor;
				CODE_SIGN_STYLE = Automatic;
				DEVELOPMENT_ASSET_PATHS = "\"UnitMeasurement/Preview Content\"";
				ENABLE_PREVIEWS = YES;
				INFOPLIST_FILE = UnitMeasurement/Info.plist;
				LD_RUNPATH_SEARCH_PATHS = (
					"$(inherited)",
					"@executable_path/Frameworks",
				);
				PRODUCT_BUNDLE_IDENTIFIER = me.nurawan.daffashiddiq.UnitMeasurement;
				PRODUCT_NAME = "$(TARGET_NAME)";
				SWIFT_VERSION = 5.0;
				TARGETED_DEVICE_FAMILY = "1,2";
			};
			name = Debug;
		};
		7B25991E26667B2D008ED260 /* Release */ = {
			isa = XCBuildConfiguration;
			buildSettings = {
				ASSETCATALOG_COMPILER_APPICON_NAME = AppIcon;
				ASSETCATALOG_COMPILER_GLOBAL_ACCENT_COLOR_NAME = AccentColor;
				CODE_SIGN_STYLE = Automatic;
				DEVELOPMENT_ASSET_PATHS = "\"UnitMeasurement/Preview Content\"";
				ENABLE_PREVIEWS = YES;
				INFOPLIST_FILE = UnitMeasurement/Info.plist;
				LD_RUNPATH_SEARCH_PATHS = (
					"$(inherited)",
					"@executable_path/Frameworks",
				);
				PRODUCT_BUNDLE_IDENTIFIER = me.nurawan.daffashiddiq.UnitMeasurement;
				PRODUCT_NAME = "$(TARGET_NAME)";
				SWIFT_VERSION = 5.0;
				TARGETED_DEVICE_FAMILY = "1,2";
			};
			name = Release;
		};
/* End XCBuildConfiguration section */

/* Begin XCConfigurationList section */
		7B25990326667B2A008ED260 /* Build configuration list for PBXProject "UnitMeasurement" */ = {
			isa = XCConfigurationList;
			buildConfigurations = (
				7B25991A26667B2D008ED260 /* Debug */,
				7B25991B26667B2D008ED260 /* Release */,
			);
			defaultConfigurationIsVisible = 0;
			defaultConfigurationName = Release;
		};
		7B25991C26667B2D008ED260 /* Build configuration list for PBXNativeTarget "UnitMeasurement" */ = {
			isa = XCConfigurationList;
			buildConfigurations = (
				7B25991D26667B2D008ED260 /* Debug */,
				7B25991E26667B2D008ED260 /* Release */,
			);
			defaultConfigurationIsVisible = 0;
			defaultConfigurationName = Release;
		};
/* End XCConfigurationList section */
	};
	rootObject = 7B25990026667B2A008ED260 /* Project object */;
}
